// !$*UTF8*$!
{
	archiveVersion = 1;
	classes = {
	};
	objectVersion = 45;
	objects = {

/* Begin PBXBuildFile section */
		1D3623260D0F684500981E51 /* BoobyTrapAppDelegate.m in Sources */ = {isa = PBXBuildFile; fileRef = 1D3623250D0F684500981E51 /* BoobyTrapAppDelegate.m */; };
		1D60589B0D05DD56006BFB54 /* main.m in Sources */ = {isa = PBXBuildFile; fileRef = 29B97316FDCFA39411CA2CEA /* main.m */; };
		1D60589F0D05DD5A006BFB54 /* Foundation.framework in Frameworks */ = {isa = PBXBuildFile; fileRef = 1D30AB110D05D00D00671497 /* Foundation.framework */; };
		1DF5F4E00D08C38300B7A737 /* UIKit.framework in Frameworks */ = {isa = PBXBuildFile; fileRef = 1DF5F4DF0D08C38300B7A737 /* UIKit.framework */; };
		288765FD0DF74451002DB57D /* CoreGraphics.framework in Frameworks */ = {isa = PBXBuildFile; fileRef = 288765FC0DF74451002DB57D /* CoreGraphics.framework */; };
		28AD733F0D9D9553002E5188 /* MainWindow.xib in Resources */ = {isa = PBXBuildFile; fileRef = 28AD733E0D9D9553002E5188 /* MainWindow.xib */; };
		5F370A8A10684AD7001E6CAF /* 20-gear2.png in Resources */ = {isa = PBXBuildFile; fileRef = 5F370A8910684AD7001E6CAF /* 20-gear2.png */; };
		5F370A8C10684AED001E6CAF /* 85-trophy.png in Resources */ = {isa = PBXBuildFile; fileRef = 5F370A8B10684AED001E6CAF /* 85-trophy.png */; };
		5F370A8E10684AFC001E6CAF /* 13-target.png in Resources */ = {isa = PBXBuildFile; fileRef = 5F370A8D10684AFC001E6CAF /* 13-target.png */; };
		5F370A9010684B47001E6CAF /* 24-gift.png in Resources */ = {isa = PBXBuildFile; fileRef = 5F370A8F10684B47001E6CAF /* 24-gift.png */; };
		5F370A9510684C53001E6CAF /* SettingsViewController.m in Sources */ = {isa = PBXBuildFile; fileRef = 5F370A9410684C53001E6CAF /* SettingsViewController.m */; };
		5F370A9910684C62001E6CAF /* SettingsView.xib in Resources */ = {isa = PBXBuildFile; fileRef = 5F370A9810684C62001E6CAF /* SettingsView.xib */; };
		5F370AA31068509D001E6CAF /* InventoryViewController.m in Sources */ = {isa = PBXBuildFile; fileRef = 5F370AA21068509D001E6CAF /* InventoryViewController.m */; };
		5F370AB010691892001E6CAF /* InventoryNavController.m in Sources */ = {isa = PBXBuildFile; fileRef = 5F370AAF10691892001E6CAF /* InventoryNavController.m */; };
		5F370B1710691BD9001E6CAF /* InventoryTableViewController.m in Sources */ = {isa = PBXBuildFile; fileRef = 5F370B1610691BD9001E6CAF /* InventoryTableViewController.m */; };
		5F370B2810691F68001E6CAF /* InventoryTableView.xib in Resources */ = {isa = PBXBuildFile; fileRef = 5F370B2710691F68001E6CAF /* InventoryTableView.xib */; };
		5F370B9010697AAA001E6CAF /* TrapDetailViewController.m in Sources */ = {isa = PBXBuildFile; fileRef = 5F370B8F10697AAA001E6CAF /* TrapDetailViewController.m */; };
		5F370B9210697AC0001E6CAF /* TrapDetailView.xib in Resources */ = {isa = PBXBuildFile; fileRef = 5F370B9110697AC0001E6CAF /* TrapDetailView.xib */; };
		5F370C5A1069EF76001E6CAF /* NSObject+SBJSON.m in Sources */ = {isa = PBXBuildFile; fileRef = 5F370C4F1069EF76001E6CAF /* NSObject+SBJSON.m */; };
		5F370C5B1069EF76001E6CAF /* NSString+SBJSON.m in Sources */ = {isa = PBXBuildFile; fileRef = 5F370C511069EF76001E6CAF /* NSString+SBJSON.m */; };
		5F370C5C1069EF76001E6CAF /* SBJSON.m in Sources */ = {isa = PBXBuildFile; fileRef = 5F370C531069EF76001E6CAF /* SBJSON.m */; };
		5F370C5D1069EF76001E6CAF /* SBJsonBase.m in Sources */ = {isa = PBXBuildFile; fileRef = 5F370C551069EF76001E6CAF /* SBJsonBase.m */; };
		5F370C5E1069EF76001E6CAF /* SBJsonParser.m in Sources */ = {isa = PBXBuildFile; fileRef = 5F370C571069EF76001E6CAF /* SBJsonParser.m */; };
		5F370C5F1069EF76001E6CAF /* SBJsonWriter.m in Sources */ = {isa = PBXBuildFile; fileRef = 5F370C591069EF76001E6CAF /* SBJsonWriter.m */; };
		5F370F08106AAC6C001E6CAF /* bananapeel.png in Resources */ = {isa = PBXBuildFile; fileRef = 5F370F07106AAC6C001E6CAF /* bananapeel.png */; };
		5F370F0A106AACBE001E6CAF /* boxingglove.jpg in Resources */ = {isa = PBXBuildFile; fileRef = 5F370F09106AACBE001E6CAF /* boxingglove.jpg */; };
/* End PBXBuildFile section */

/* Begin PBXFileReference section */
		1D30AB110D05D00D00671497 /* Foundation.framework */ = {isa = PBXFileReference; lastKnownFileType = wrapper.framework; name = Foundation.framework; path = System/Library/Frameworks/Foundation.framework; sourceTree = SDKROOT; };
		1D3623240D0F684500981E51 /* BoobyTrapAppDelegate.h */ = {isa = PBXFileReference; fileEncoding = 4; lastKnownFileType = sourcecode.c.h; path = BoobyTrapAppDelegate.h; sourceTree = "<group>"; };
		1D3623250D0F684500981E51 /* BoobyTrapAppDelegate.m */ = {isa = PBXFileReference; fileEncoding = 4; lastKnownFileType = sourcecode.c.objc; path = BoobyTrapAppDelegate.m; sourceTree = "<group>"; };
		1D6058910D05DD3D006BFB54 /* BoobyTrap.app */ = {isa = PBXFileReference; explicitFileType = wrapper.application; includeInIndex = 0; path = BoobyTrap.app; sourceTree = BUILT_PRODUCTS_DIR; };
		1DF5F4DF0D08C38300B7A737 /* UIKit.framework */ = {isa = PBXFileReference; lastKnownFileType = wrapper.framework; name = UIKit.framework; path = System/Library/Frameworks/UIKit.framework; sourceTree = SDKROOT; };
		288765FC0DF74451002DB57D /* CoreGraphics.framework */ = {isa = PBXFileReference; lastKnownFileType = wrapper.framework; name = CoreGraphics.framework; path = System/Library/Frameworks/CoreGraphics.framework; sourceTree = SDKROOT; };
		28AD733E0D9D9553002E5188 /* MainWindow.xib */ = {isa = PBXFileReference; lastKnownFileType = file.xib; path = MainWindow.xib; sourceTree = "<group>"; };
		29B97316FDCFA39411CA2CEA /* main.m */ = {isa = PBXFileReference; fileEncoding = 4; lastKnownFileType = sourcecode.c.objc; path = main.m; sourceTree = "<group>"; };
		32CA4F630368D1EE00C91783 /* BoobyTrap_Prefix.pch */ = {isa = PBXFileReference; fileEncoding = 4; lastKnownFileType = sourcecode.c.h; path = BoobyTrap_Prefix.pch; sourceTree = "<group>"; };
		5F370A8910684AD7001E6CAF /* 20-gear2.png */ = {isa = PBXFileReference; lastKnownFileType = image.png; path = "20-gear2.png"; sourceTree = "<group>"; };
		5F370A8B10684AED001E6CAF /* 85-trophy.png */ = {isa = PBXFileReference; lastKnownFileType = image.png; path = "85-trophy.png"; sourceTree = "<group>"; };
		5F370A8D10684AFC001E6CAF /* 13-target.png */ = {isa = PBXFileReference; lastKnownFileType = image.png; path = "13-target.png"; sourceTree = "<group>"; };
		5F370A8F10684B47001E6CAF /* 24-gift.png */ = {isa = PBXFileReference; lastKnownFileType = image.png; path = "24-gift.png"; sourceTree = "<group>"; };
		5F370A9310684C53001E6CAF /* SettingsViewController.h */ = {isa = PBXFileReference; fileEncoding = 4; lastKnownFileType = sourcecode.c.h; path = SettingsViewController.h; sourceTree = "<group>"; };
		5F370A9410684C53001E6CAF /* SettingsViewController.m */ = {isa = PBXFileReference; fileEncoding = 4; lastKnownFileType = sourcecode.c.objc; path = SettingsViewController.m; sourceTree = "<group>"; };
		5F370A9810684C62001E6CAF /* SettingsView.xib */ = {isa = PBXFileReference; lastKnownFileType = file.xib; path = SettingsView.xib; sourceTree = "<group>"; };
		5F370AA11068509D001E6CAF /* InventoryViewController.h */ = {isa = PBXFileReference; fileEncoding = 4; lastKnownFileType = sourcecode.c.h; name = InventoryViewController.h; path = ../InventoryViewController.h; sourceTree = "<group>"; };
		5F370AA21068509D001E6CAF /* InventoryViewController.m */ = {isa = PBXFileReference; fileEncoding = 4; lastKnownFileType = sourcecode.c.objc; name = InventoryViewController.m; path = ../InventoryViewController.m; sourceTree = "<group>"; };
		5F370AAE10691892001E6CAF /* InventoryNavController.h */ = {isa = PBXFileReference; fileEncoding = 4; lastKnownFileType = sourcecode.c.h; name = InventoryNavController.h; path = ../InventoryNavController.h; sourceTree = "<group>"; };
		5F370AAF10691892001E6CAF /* InventoryNavController.m */ = {isa = PBXFileReference; fileEncoding = 4; lastKnownFileType = sourcecode.c.objc; name = InventoryNavController.m; path = ../InventoryNavController.m; sourceTree = "<group>"; };
		5F370B1510691BD9001E6CAF /* InventoryTableViewController.h */ = {isa = PBXFileReference; fileEncoding = 4; lastKnownFileType = sourcecode.c.h; path = InventoryTableViewController.h; sourceTree = "<group>"; };
		5F370B1610691BD9001E6CAF /* InventoryTableViewController.m */ = {isa = PBXFileReference; fileEncoding = 4; lastKnownFileType = sourcecode.c.objc; path = InventoryTableViewController.m; sourceTree = "<group>"; };
		5F370B2710691F68001E6CAF /* InventoryTableView.xib */ = {isa = PBXFileReference; lastKnownFileType = file.xib; path = InventoryTableView.xib; sourceTree = "<group>"; };
		5F370B8E10697AAA001E6CAF /* TrapDetailViewController.h */ = {isa = PBXFileReference; fileEncoding = 4; lastKnownFileType = sourcecode.c.h; path = TrapDetailViewController.h; sourceTree = "<group>"; };
		5F370B8F10697AAA001E6CAF /* TrapDetailViewController.m */ = {isa = PBXFileReference; fileEncoding = 4; lastKnownFileType = sourcecode.c.objc; path = TrapDetailViewController.m; sourceTree = "<group>"; };
		5F370B9110697AC0001E6CAF /* TrapDetailView.xib */ = {isa = PBXFileReference; lastKnownFileType = file.xib; path = TrapDetailView.xib; sourceTree = "<group>"; };
		5F370C4D1069EF76001E6CAF /* JSON.h */ = {isa = PBXFileReference; fileEncoding = 4; lastKnownFileType = sourcecode.c.h; name = JSON.h; path = /Volumes/JSON_2.2.2/JSON/JSON.h; sourceTree = "<absolute>"; };
		5F370C4E1069EF76001E6CAF /* NSObject+SBJSON.h */ = {isa = PBXFileReference; fileEncoding = 4; lastKnownFileType = sourcecode.c.h; name = "NSObject+SBJSON.h"; path = "/Volumes/JSON_2.2.2/JSON/NSObject+SBJSON.h"; sourceTree = "<absolute>"; };
		5F370C4F1069EF76001E6CAF /* NSObject+SBJSON.m */ = {isa = PBXFileReference; fileEncoding = 4; lastKnownFileType = sourcecode.c.objc; name = "NSObject+SBJSON.m"; path = "/Volumes/JSON_2.2.2/JSON/NSObject+SBJSON.m"; sourceTree = "<absolute>"; };
		5F370C501069EF76001E6CAF /* NSString+SBJSON.h */ = {isa = PBXFileReference; fileEncoding = 4; lastKnownFileType = sourcecode.c.h; name = "NSString+SBJSON.h"; path = "/Volumes/JSON_2.2.2/JSON/NSString+SBJSON.h"; sourceTree = "<absolute>"; };
		5F370C511069EF76001E6CAF /* NSString+SBJSON.m */ = {isa = PBXFileReference; fileEncoding = 4; lastKnownFileType = sourcecode.c.objc; name = "NSString+SBJSON.m"; path = "/Volumes/JSON_2.2.2/JSON/NSString+SBJSON.m"; sourceTree = "<absolute>"; };
		5F370C521069EF76001E6CAF /* SBJSON.h */ = {isa = PBXFileReference; fileEncoding = 4; lastKnownFileType = sourcecode.c.h; name = SBJSON.h; path = /Volumes/JSON_2.2.2/JSON/SBJSON.h; sourceTree = "<absolute>"; };
		5F370C531069EF76001E6CAF /* SBJSON.m */ = {isa = PBXFileReference; fileEncoding = 4; lastKnownFileType = sourcecode.c.objc; name = SBJSON.m; path = /Volumes/JSON_2.2.2/JSON/SBJSON.m; sourceTree = "<absolute>"; };
		5F370C541069EF76001E6CAF /* SBJsonBase.h */ = {isa = PBXFileReference; fileEncoding = 4; lastKnownFileType = sourcecode.c.h; name = SBJsonBase.h; path = /Volumes/JSON_2.2.2/JSON/SBJsonBase.h; sourceTree = "<absolute>"; };
		5F370C551069EF76001E6CAF /* SBJsonBase.m */ = {isa = PBXFileReference; fileEncoding = 4; lastKnownFileType = sourcecode.c.objc; name = SBJsonBase.m; path = /Volumes/JSON_2.2.2/JSON/SBJsonBase.m; sourceTree = "<absolute>"; };
		5F370C561069EF76001E6CAF /* SBJsonParser.h */ = {isa = PBXFileReference; fileEncoding = 4; lastKnownFileType = sourcecode.c.h; name = SBJsonParser.h; path = /Volumes/JSON_2.2.2/JSON/SBJsonParser.h; sourceTree = "<absolute>"; };
		5F370C571069EF76001E6CAF /* SBJsonParser.m */ = {isa = PBXFileReference; fileEncoding = 4; lastKnownFileType = sourcecode.c.objc; name = SBJsonParser.m; path = /Volumes/JSON_2.2.2/JSON/SBJsonParser.m; sourceTree = "<absolute>"; };
		5F370C581069EF76001E6CAF /* SBJsonWriter.h */ = {isa = PBXFileReference; fileEncoding = 4; lastKnownFileType = sourcecode.c.h; name = SBJsonWriter.h; path = /Volumes/JSON_2.2.2/JSON/SBJsonWriter.h; sourceTree = "<absolute>"; };
		5F370C591069EF76001E6CAF /* SBJsonWriter.m */ = {isa = PBXFileReference; fileEncoding = 4; lastKnownFileType = sourcecode.c.objc; name = SBJsonWriter.m; path = /Volumes/JSON_2.2.2/JSON/SBJsonWriter.m; sourceTree = "<absolute>"; };
		5F370F07106AAC6C001E6CAF /* bananapeel.png */ = {isa = PBXFileReference; lastKnownFileType = image.png; path = bananapeel.png; sourceTree = "<group>"; };
		5F370F09106AACBE001E6CAF /* boxingglove.jpg */ = {isa = PBXFileReference; lastKnownFileType = image.jpeg; path = boxingglove.jpg; sourceTree = "<group>"; };
		8D1107310486CEB800E47090 /* BoobyTrap-Info.plist */ = {isa = PBXFileReference; fileEncoding = 4; lastKnownFileType = text.plist.xml; path = "BoobyTrap-Info.plist"; plistStructureDefinitionIdentifier = "com.apple.xcode.plist.structure-definition.iphone.info-plist"; sourceTree = "<group>"; };
/* End PBXFileReference section */

/* Begin PBXFrameworksBuildPhase section */
		1D60588F0D05DD3D006BFB54 /* Frameworks */ = {
			isa = PBXFrameworksBuildPhase;
			buildActionMask = 2147483647;
			files = (
				1D60589F0D05DD5A006BFB54 /* Foundation.framework in Frameworks */,
				1DF5F4E00D08C38300B7A737 /* UIKit.framework in Frameworks */,
				288765FD0DF74451002DB57D /* CoreGraphics.framework in Frameworks */,
			);
			runOnlyForDeploymentPostprocessing = 0;
		};
/* End PBXFrameworksBuildPhase section */

/* Begin PBXGroup section */
		080E96DDFE201D6D7F000001 /* Classes */ = {
			isa = PBXGroup;
			children = (
				5F370F2C106AEE4C001E6CAF /* Inventory */,
				5F370F2B106AEE37001E6CAF /* Settings */,
				5F370F2A106AEE19001E6CAF /* TrapDetail */,
				5F370C4C1069EF75001E6CAF /* JSON */,
				1D3623240D0F684500981E51 /* BoobyTrapAppDelegate.h */,
				1D3623250D0F684500981E51 /* BoobyTrapAppDelegate.m */,
			);
			path = Classes;
			sourceTree = "<group>";
		};
		19C28FACFE9D520D11CA2CBB /* Products */ = {
			isa = PBXGroup;
			children = (
				1D6058910D05DD3D006BFB54 /* BoobyTrap.app */,
			);
			name = Products;
			sourceTree = "<group>";
		};
		29B97314FDCFA39411CA2CEA /* CustomTemplate */ = {
			isa = PBXGroup;
			children = (
				080E96DDFE201D6D7F000001 /* Classes */,
				29B97315FDCFA39411CA2CEA /* Other Sources */,
				29B97317FDCFA39411CA2CEA /* Resources */,
				29B97323FDCFA39411CA2CEA /* Frameworks */,
				19C28FACFE9D520D11CA2CBB /* Products */,
			);
			name = CustomTemplate;
			sourceTree = "<group>";
		};
		29B97315FDCFA39411CA2CEA /* Other Sources */ = {
			isa = PBXGroup;
			children = (
				32CA4F630368D1EE00C91783 /* BoobyTrap_Prefix.pch */,
				29B97316FDCFA39411CA2CEA /* main.m */,
			);
			name = "Other Sources";
			sourceTree = "<group>";
		};
		29B97317FDCFA39411CA2CEA /* Resources */ = {
			isa = PBXGroup;
			children = (
				5F370F09106AACBE001E6CAF /* boxingglove.jpg */,
				5F370A8B10684AED001E6CAF /* 85-trophy.png */,
				5F370F07106AAC6C001E6CAF /* bananapeel.png */,
				5F370A8F10684B47001E6CAF /* 24-gift.png */,
				5F370A8D10684AFC001E6CAF /* 13-target.png */,
				5F370A8910684AD7001E6CAF /* 20-gear2.png */,
				28AD733E0D9D9553002E5188 /* MainWindow.xib */,
				8D1107310486CEB800E47090 /* BoobyTrap-Info.plist */,
				5F370B2710691F68001E6CAF /* InventoryTableView.xib */,
			);
			name = Resources;
			sourceTree = "<group>";
		};
		29B97323FDCFA39411CA2CEA /* Frameworks */ = {
			isa = PBXGroup;
			children = (
				1DF5F4DF0D08C38300B7A737 /* UIKit.framework */,
				1D30AB110D05D00D00671497 /* Foundation.framework */,
				288765FC0DF74451002DB57D /* CoreGraphics.framework */,
			);
			name = Frameworks;
			sourceTree = "<group>";
		};
		5F370C4C1069EF75001E6CAF /* JSON */ = {
			isa = PBXGroup;
			children = (
				5F370C4D1069EF76001E6CAF /* JSON.h */,
				5F370C4E1069EF76001E6CAF /* NSObject+SBJSON.h */,
				5F370C4F1069EF76001E6CAF /* NSObject+SBJSON.m */,
				5F370C501069EF76001E6CAF /* NSString+SBJSON.h */,
				5F370C511069EF76001E6CAF /* NSString+SBJSON.m */,
				5F370C521069EF76001E6CAF /* SBJSON.h */,
				5F370C531069EF76001E6CAF /* SBJSON.m */,
				5F370C541069EF76001E6CAF /* SBJsonBase.h */,
				5F370C551069EF76001E6CAF /* SBJsonBase.m */,
				5F370C561069EF76001E6CAF /* SBJsonParser.h */,
				5F370C571069EF76001E6CAF /* SBJsonParser.m */,
				5F370C581069EF76001E6CAF /* SBJsonWriter.h */,
				5F370C591069EF76001E6CAF /* SBJsonWriter.m */,
			);
			name = JSON;
			path = /Volumes/JSON_2.2.2/JSON;
			sourceTree = "<absolute>";
		};
		5F370F2A106AEE19001E6CAF /* TrapDetail */ = {
			isa = PBXGroup;
			children = (
				5F370B9110697AC0001E6CAF /* TrapDetailView.xib */,
				5F370B8E10697AAA001E6CAF /* TrapDetailViewController.h */,
				5F370B8F10697AAA001E6CAF /* TrapDetailViewController.m */,
			);
			name = TrapDetail;
			sourceTree = "<group>";
		};
		5F370F2B106AEE37001E6CAF /* Settings */ = {
			isa = PBXGroup;
			children = (
				5F370A9810684C62001E6CAF /* SettingsView.xib */,
				5F370A9310684C53001E6CAF /* SettingsViewController.h */,
				5F370A9410684C53001E6CAF /* SettingsViewController.m */,
			);
			name = Settings;
			sourceTree = "<group>";
		};
		5F370F2C106AEE4C001E6CAF /* Inventory */ = {
			isa = PBXGroup;
			children = (
				5F370AAE10691892001E6CAF /* InventoryNavController.h */,
				5F370AAF10691892001E6CAF /* InventoryNavController.m */,
				5F370B1510691BD9001E6CAF /* InventoryTableViewController.h */,
				5F370B1610691BD9001E6CAF /* InventoryTableViewController.m */,
				5F370AA11068509D001E6CAF /* InventoryViewController.h */,
				5F370AA21068509D001E6CAF /* InventoryViewController.m */,
			);
			name = Inventory;
			sourceTree = "<group>";
		};
/* End PBXGroup section */

/* Begin PBXNativeTarget section */
		1D6058900D05DD3D006BFB54 /* BoobyTrap */ = {
			isa = PBXNativeTarget;
			buildConfigurationList = 1D6058960D05DD3E006BFB54 /* Build configuration list for PBXNativeTarget "BoobyTrap" */;
			buildPhases = (
				1D60588D0D05DD3D006BFB54 /* Resources */,
				1D60588E0D05DD3D006BFB54 /* Sources */,
				1D60588F0D05DD3D006BFB54 /* Frameworks */,
			);
			buildRules = (
			);
			dependencies = (
			);
			name = BoobyTrap;
			productName = BoobyTrap;
			productReference = 1D6058910D05DD3D006BFB54 /* BoobyTrap.app */;
			productType = "com.apple.product-type.application";
		};
/* End PBXNativeTarget section */

/* Begin PBXProject section */
		29B97313FDCFA39411CA2CEA /* Project object */ = {
			isa = PBXProject;
			buildConfigurationList = C01FCF4E08A954540054247B /* Build configuration list for PBXProject "BoobyTrap" */;
			compatibilityVersion = "Xcode 3.1";
			hasScannedForEncodings = 1;
			mainGroup = 29B97314FDCFA39411CA2CEA /* CustomTemplate */;
			projectDirPath = "";
			projectRoot = "";
			targets = (
				1D6058900D05DD3D006BFB54 /* BoobyTrap */,
			);
		};
/* End PBXProject section */

/* Begin PBXResourcesBuildPhase section */
		1D60588D0D05DD3D006BFB54 /* Resources */ = {
			isa = PBXResourcesBuildPhase;
			buildActionMask = 2147483647;
			files = (
				28AD733F0D9D9553002E5188 /* MainWindow.xib in Resources */,
				5F370A8A10684AD7001E6CAF /* 20-gear2.png in Resources */,
				5F370A8C10684AED001E6CAF /* 85-trophy.png in Resources */,
				5F370A8E10684AFC001E6CAF /* 13-target.png in Resources */,
				5F370A9010684B47001E6CAF /* 24-gift.png in Resources */,
				5F370A9910684C62001E6CAF /* SettingsView.xib in Resources */,
				5F370B2810691F68001E6CAF /* InventoryTableView.xib in Resources */,
				5F370B9210697AC0001E6CAF /* TrapDetailView.xib in Resources */,
				5F370F08106AAC6C001E6CAF /* bananapeel.png in Resources */,
				5F370F0A106AACBE001E6CAF /* boxingglove.jpg in Resources */,
			);
			runOnlyForDeploymentPostprocessing = 0;
		};
/* End PBXResourcesBuildPhase section */

/* Begin PBXSourcesBuildPhase section */
		1D60588E0D05DD3D006BFB54 /* Sources */ = {
			isa = PBXSourcesBuildPhase;
			buildActionMask = 2147483647;
			files = (
				1D60589B0D05DD56006BFB54 /* main.m in Sources */,
				1D3623260D0F684500981E51 /* BoobyTrapAppDelegate.m in Sources */,
				5F370A9510684C53001E6CAF /* SettingsViewController.m in Sources */,
				5F370AA31068509D001E6CAF /* InventoryViewController.m in Sources */,
				5F370AB010691892001E6CAF /* InventoryNavController.m in Sources */,
				5F370B1710691BD9001E6CAF /* InventoryTableViewController.m in Sources */,
				5F370B9010697AAA001E6CAF /* TrapDetailViewController.m in Sources */,
				5F370C5A1069EF76001E6CAF /* NSObject+SBJSON.m in Sources */,
				5F370C5B1069EF76001E6CAF /* NSString+SBJSON.m in Sources */,
				5F370C5C1069EF76001E6CAF /* SBJSON.m in Sources */,
				5F370C5D1069EF76001E6CAF /* SBJsonBase.m in Sources */,
				5F370C5E1069EF76001E6CAF /* SBJsonParser.m in Sources */,
				5F370C5F1069EF76001E6CAF /* SBJsonWriter.m in Sources */,
			);
			runOnlyForDeploymentPostprocessing = 0;
		};
/* End PBXSourcesBuildPhase section */

/* Begin XCBuildConfiguration section */
		1D6058940D05DD3E006BFB54 /* Debug */ = {
			isa = XCBuildConfiguration;
			buildSettings = {
				ALWAYS_SEARCH_USER_PATHS = NO;
				COPY_PHASE_STRIP = NO;
				GCC_DYNAMIC_NO_PIC = NO;
				GCC_OPTIMIZATION_LEVEL = 0;
				GCC_PRECOMPILE_PREFIX_HEADER = YES;
				GCC_PREFIX_HEADER = BoobyTrap_Prefix.pch;
				INFOPLIST_FILE = "BoobyTrap-Info.plist";
				PRODUCT_NAME = BoobyTrap;
			};
			name = Debug;
		};
		1D6058950D05DD3E006BFB54 /* Release */ = {
			isa = XCBuildConfiguration;
			buildSettings = {
				ALWAYS_SEARCH_USER_PATHS = NO;
				COPY_PHASE_STRIP = YES;
				GCC_PRECOMPILE_PREFIX_HEADER = YES;
				GCC_PREFIX_HEADER = BoobyTrap_Prefix.pch;
				INFOPLIST_FILE = "BoobyTrap-Info.plist";
				PRODUCT_NAME = BoobyTrap;
			};
			name = Release;
		};
		C01FCF4F08A954540054247B /* Debug */ = {
			isa = XCBuildConfiguration;
			buildSettings = {
				ARCHS = "$(ARCHS_STANDARD_32_BIT)";
				"CODE_SIGN_IDENTITY[sdk=iphoneos*]" = "iPhone Developer";
				GCC_C_LANGUAGE_STANDARD = c99;
				GCC_WARN_ABOUT_RETURN_TYPE = YES;
				GCC_WARN_UNUSED_VARIABLE = YES;
				PREBINDING = NO;
				SDKROOT = iphoneos3.1;
			};
			name = Debug;
		};
		C01FCF5008A954540054247B /* Release */ = {
			isa = XCBuildConfiguration;
			buildSettings = {
				ARCHS = "$(ARCHS_STANDARD_32_BIT)";
				"CODE_SIGN_IDENTITY[sdk=iphoneos*]" = "iPhone Developer";
				GCC_C_LANGUAGE_STANDARD = c99;
				GCC_WARN_ABOUT_RETURN_TYPE = YES;
				GCC_WARN_UNUSED_VARIABLE = YES;
				PREBINDING = NO;
				SDKROOT = iphoneos3.1;
			};
			name = Release;
		};
/* End XCBuildConfiguration section */

/* Begin XCConfigurationList section */
		1D6058960D05DD3E006BFB54 /* Build configuration list for PBXNativeTarget "BoobyTrap" */ = {
			isa = XCConfigurationList;
			buildConfigurations = (
				1D6058940D05DD3E006BFB54 /* Debug */,
				1D6058950D05DD3E006BFB54 /* Release */,
			);
			defaultConfigurationIsVisible = 0;
			defaultConfigurationName = Release;
		};
		C01FCF4E08A954540054247B /* Build configuration list for PBXProject "BoobyTrap" */ = {
			isa = XCConfigurationList;
			buildConfigurations = (
				C01FCF4F08A954540054247B /* Debug */,
				C01FCF5008A954540054247B /* Release */,
			);
			defaultConfigurationIsVisible = 0;
			defaultConfigurationName = Release;
		};
/* End XCConfigurationList section */
	};
	rootObject = 29B97313FDCFA39411CA2CEA /* Project object */;
}
